
Microsoft Visual Studio Solution File, Format Version 12.00
# Visual Studio Version 16
VisualStudioVersion = 16.0.31424.327
MinimumVisualStudioVersion = 10.0.40219.1
Project("{8BC9CEB8-8B4A-11D0-8D11-00A0C91BC942}") = "8_2practice", "8_2practice.vcxproj", "{3600BAAB-6D38-44B4-AE34-D3C15E564570}"
EndProject
Global
	GlobalSection(SolutionConfigurationPlatforms) = preSolution
		Debug|x64 = Debug|x64
		Debug|x86 = Debug|x86
		Release|x64 = Release|x64
		Release|x86 = Release|x86
	EndGlobalSection
	GlobalSection(ProjectConfigurationPlatforms) = postSolution
		{3600BAAB-6D38-44B4-AE34-D3C15E564570}.Debug|x64.ActiveCfg = Debug|x64
		{3600BAAB-6D38-44B4-AE34-D3C15E564570}.Debug|x64.Build.0 = Debug|x64
		{3600BAAB-6D38-44B4-AE34-D3C15E564570}.Debug|x86.ActiveCfg = Debug|Win32
		{3600BAAB-6D38-44B4-AE34-D3C15E564570}.Debug|x86.Build.0 = Debug|Win32
		{3600BAAB-6D38-44B4-AE34-D3C15E564570}.Release|x64.ActiveCfg = Release|x64
		{3600BAAB-6D38-44B4-AE34-D3C15E564570}.Release|x64.Build.0 = Release|x64
		{3600BAAB-6D38-44B4-AE34-D3C15E564570}.Release|x86.ActiveCfg = Release|Win32
		{3600BAAB-6D38-44B4-AE34-D3C15E564570}.Release|x86.Build.0 = Release|Win32
	EndGlobalSection
	GlobalSection(SolutionProperties) = preSolution
		HideSolutionNode = FALSE
	EndGlobalSection
	GlobalSection(ExtensibilityGlobals) = postSolution
		SolutionGuid = {3FE3042B-91FD-4792-9D82-1037F7690CE1}
	EndGlobalSection
EndGlobal
