
Microsoft Visual Studio Solution File, Format Version 12.00
# Visual Studio Version 16
VisualStudioVersion = 16.0.31229.75
MinimumVisualStudioVersion = 10.0.40219.1
Project("{8BC9CEB8-8B4A-11D0-8D11-00A0C91BC942}") = "6_9practice", "6_9practice.vcxproj", "{6BE7C0E4-4293-48FC-B72C-E42C42285284}"
EndProject
Global
	GlobalSection(SolutionConfigurationPlatforms) = preSolution
		Debug|x64 = Debug|x64
		Debug|x86 = Debug|x86
		Release|x64 = Release|x64
		Release|x86 = Release|x86
	EndGlobalSection
	GlobalSection(ProjectConfigurationPlatforms) = postSolution
		{6BE7C0E4-4293-48FC-B72C-E42C42285284}.Debug|x64.ActiveCfg = Debug|x64
		{6BE7C0E4-4293-48FC-B72C-E42C42285284}.Debug|x64.Build.0 = Debug|x64
		{6BE7C0E4-4293-48FC-B72C-E42C42285284}.Debug|x86.ActiveCfg = Debug|Win32
		{6BE7C0E4-4293-48FC-B72C-E42C42285284}.Debug|x86.Build.0 = Debug|Win32
		{6BE7C0E4-4293-48FC-B72C-E42C42285284}.Release|x64.ActiveCfg = Release|x64
		{6BE7C0E4-4293-48FC-B72C-E42C42285284}.Release|x64.Build.0 = Release|x64
		{6BE7C0E4-4293-48FC-B72C-E42C42285284}.Release|x86.ActiveCfg = Release|Win32
		{6BE7C0E4-4293-48FC-B72C-E42C42285284}.Release|x86.Build.0 = Release|Win32
	EndGlobalSection
	GlobalSection(SolutionProperties) = preSolution
		HideSolutionNode = FALSE
	EndGlobalSection
	GlobalSection(ExtensibilityGlobals) = postSolution
		SolutionGuid = {B1AE9C86-72BF-4E0C-A5F4-43D86754DC5C}
	EndGlobalSection
EndGlobal
