
Microsoft Visual Studio Solution File, Format Version 12.00
# Visual Studio Version 16
VisualStudioVersion = 16.0.31424.327
MinimumVisualStudioVersion = 10.0.40219.1
Project("{8BC9CEB8-8B4A-11D0-8D11-00A0C91BC942}") = "7_24practice", "7_24practice.vcxproj", "{26493FCF-9648-47B8-9688-F30CAA58D7C9}"
EndProject
Global
	GlobalSection(SolutionConfigurationPlatforms) = preSolution
		Debug|x64 = Debug|x64
		Debug|x86 = Debug|x86
		Release|x64 = Release|x64
		Release|x86 = Release|x86
	EndGlobalSection
	GlobalSection(ProjectConfigurationPlatforms) = postSolution
		{26493FCF-9648-47B8-9688-F30CAA58D7C9}.Debug|x64.ActiveCfg = Debug|x64
		{26493FCF-9648-47B8-9688-F30CAA58D7C9}.Debug|x64.Build.0 = Debug|x64
		{26493FCF-9648-47B8-9688-F30CAA58D7C9}.Debug|x86.ActiveCfg = Debug|Win32
		{26493FCF-9648-47B8-9688-F30CAA58D7C9}.Debug|x86.Build.0 = Debug|Win32
		{26493FCF-9648-47B8-9688-F30CAA58D7C9}.Release|x64.ActiveCfg = Release|x64
		{26493FCF-9648-47B8-9688-F30CAA58D7C9}.Release|x64.Build.0 = Release|x64
		{26493FCF-9648-47B8-9688-F30CAA58D7C9}.Release|x86.ActiveCfg = Release|Win32
		{26493FCF-9648-47B8-9688-F30CAA58D7C9}.Release|x86.Build.0 = Release|Win32
	EndGlobalSection
	GlobalSection(SolutionProperties) = preSolution
		HideSolutionNode = FALSE
	EndGlobalSection
	GlobalSection(ExtensibilityGlobals) = postSolution
		SolutionGuid = {46D82EBD-8BB7-4578-93CA-4F45D01B448A}
	EndGlobalSection
EndGlobal
